// !$*UTF8*$!
{
	archiveVersion = 1;
	classes = {
	};
	objectVersion = 56;
	objects = {

/* Begin PBXBuildFile section */
		1A0001010000000000000001 /* GhostNotchApp.swift in Sources */ = {isa = PBXBuildFile; fileRef = 1A0000010000000000000001 /* GhostNotchApp.swift */; };
		1A0001020000000000000001 /* AppDelegate.swift in Sources */ = {isa = PBXBuildFile; fileRef = 1A0000020000000000000001 /* AppDelegate.swift */; };
		1A0001030000000000000001 /* IslandPanel.swift in Sources */ = {isa = PBXBuildFile; fileRef = 1A0000030000000000000001 /* IslandPanel.swift */; };
		1A0001040000000000000001 /* IslandPanelController.swift in Sources */ = {isa = PBXBuildFile; fileRef = 1A0000040000000000000001 /* IslandPanelController.swift */; };
		1A0001050000000000000001 /* WindowPositioner.swift in Sources */ = {isa = PBXBuildFile; fileRef = 1A0000050000000000000001 /* WindowPositioner.swift */; };
		1A0001060000000000000001 /* OutsideClickMonitor.swift in Sources */ = {isa = PBXBuildFile; fileRef = 1A0000060000000000000001 /* OutsideClickMonitor.swift */; };
		1A0001070000000000000001 /* IslandRootView.swift in Sources */ = {isa = PBXBuildFile; fileRef = 1A0000070000000000000001 /* IslandRootView.swift */; };
		1A0001080000000000000001 /* IslandIndicatorView.swift in Sources */ = {isa = PBXBuildFile; fileRef = 1A0000080000000000000001 /* IslandIndicatorView.swift */; };
		1A0001090000000000000001 /* IslandExpandedView.swift in Sources */ = {isa = PBXBuildFile; fileRef = 1A0000090000000000000001 /* IslandExpandedView.swift */; };
/* End PBXBuildFile section */

/* Begin PBXFileReference section */
		1A0000010000000000000001 /* GhostNotchApp.swift */ = {isa = PBXFileReference; lastKnownFileType = sourcecode.swift; path = GhostNotchApp.swift; sourceTree = "<group>"; };
		1A0000020000000000000001 /* AppDelegate.swift */ = {isa = PBXFileReference; lastKnownFileType = sourcecode.swift; path = AppDelegate.swift; sourceTree = "<group>"; };
		1A0000030000000000000001 /* IslandPanel.swift */ = {isa = PBXFileReference; lastKnownFileType = sourcecode.swift; path = IslandPanel.swift; sourceTree = "<group>"; };
		1A0000040000000000000001 /* IslandPanelController.swift */ = {isa = PBXFileReference; lastKnownFileType = sourcecode.swift; path = IslandPanelController.swift; sourceTree = "<group>"; };
		1A0000050000000000000001 /* WindowPositioner.swift */ = {isa = PBXFileReference; lastKnownFileType = sourcecode.swift; path = WindowPositioner.swift; sourceTree = "<group>"; };
		1A0000060000000000000001 /* OutsideClickMonitor.swift */ = {isa = PBXFileReference; lastKnownFileType = sourcecode.swift; path = OutsideClickMonitor.swift; sourceTree = "<group>"; };
		1A0000070000000000000001 /* IslandRootView.swift */ = {isa = PBXFileReference; lastKnownFileType = sourcecode.swift; path = IslandRootView.swift; sourceTree = "<group>"; };
		1A0000080000000000000001 /* IslandIndicatorView.swift */ = {isa = PBXFileReference; lastKnownFileType = sourcecode.swift; path = IslandIndicatorView.swift; sourceTree = "<group>"; };
		1A0000090000000000000001 /* IslandExpandedView.swift */ = {isa = PBXFileReference; lastKnownFileType = sourcecode.swift; path = IslandExpandedView.swift; sourceTree = "<group>"; };
		1A00000A0000000000000001 /* GhostNotch.app */ = {isa = PBXFileReference; explicitFileType = wrapper.application; includeInIndex = 0; path = GhostNotch.app; sourceTree = BUILT_PRODUCTS_DIR; };
/* End PBXFileReference section */

/* Begin PBXFrameworksBuildPhase section */
		1A0002010000000000000001 /* Frameworks */ = {
			isa = PBXFrameworksBuildPhase;
			buildActionMask = 2147483647;
			files = (
			);
			runOnlyForDeploymentPostprocessing = 0;
		};
/* End PBXFrameworksBuildPhase section */

/* Begin PBXGroup section */
		1A0003010000000000000001 = {
			isa = PBXGroup;
			children = (
				1A0003020000000000000001 /* GhostNotch */,
				1A0003030000000000000001 /* Products */,
			);
			sourceTree = "<group>";
		};
		1A0003020000000000000001 /* GhostNotch */ = {
			isa = PBXGroup;
			children = (
				1A0000010000000000000001 /* GhostNotchApp.swift */,
				1A0000020000000000000001 /* AppDelegate.swift */,
				1A0003040000000000000001 /* Window */,
				1A0003050000000000000001 /* UI */,
			);
			path = GhostNotch;
			sourceTree = "<group>";
		};
		1A0003030000000000000001 /* Products */ = {
			isa = PBXGroup;
			children = (
				1A00000A0000000000000001 /* GhostNotch.app */,
			);
			name = Products;
			sourceTree = "<group>";
		};
		1A0003040000000000000001 /* Window */ = {
			isa = PBXGroup;
			children = (
				1A0000030000000000000001 /* IslandPanel.swift */,
				1A0000040000000000000001 /* IslandPanelController.swift */,
				1A0000050000000000000001 /* WindowPositioner.swift */,
				1A0000060000000000000001 /* OutsideClickMonitor.swift */,
			);
			path = Window;
			sourceTree = "<group>";
		};
		1A0003050000000000000001 /* UI */ = {
			isa = PBXGroup;
			children = (
				1A0000070000000000000001 /* IslandRootView.swift */,
				1A0000080000000000000001 /* IslandIndicatorView.swift */,
				1A0000090000000000000001 /* IslandExpandedView.swift */,
			);
			path = UI;
			sourceTree = "<group>";
		};
/* End PBXGroup section */

/* Begin PBXNativeTarget section */
		1A0004010000000000000001 /* GhostNotch */ = {
			isa = PBXNativeTarget;
			buildConfigurationList = 1A0005010000000000000001 /* Build configuration list for PBXNativeTarget "GhostNotch" */;
			buildPhases = (
				1A0006010000000000000001 /* Sources */,
				1A0002010000000000000001 /* Frameworks */,
				1A0006020000000000000001 /* Resources */,
			);
			buildRules = (
			);
			dependencies = (
			);
			name = GhostNotch;
			productName = GhostNotch;
			productReference = 1A00000A0000000000000001 /* GhostNotch.app */;
			productType = "com.apple.product-type.application";
		};
/* End PBXNativeTarget section */

/* Begin PBXProject section */
		1A0007010000000000000001 /* Project object */ = {
			isa = PBXProject;
			attributes = {
				BuildIndependentTargetsInParallel = 1;
				LastSwiftUpdateCheck = 2641;
				LastUpgradeCheck = 2641;
				TargetAttributes = {
					1A0004010000000000000001 = {
						CreatedOnToolsVersion = 26.4.1;
					};
				};
			};
			buildConfigurationList = 1A0005020000000000000001 /* Build configuration list for PBXProject "GhostNotch" */;
			compatibilityVersion = "Xcode 14.0";
			developmentRegion = en;
			hasScannedForEncodings = 0;
			knownRegions = (
				en,
				Base,
			);
			mainGroup = 1A0003010000000000000001;
			productRefGroup = 1A0003030000000000000001 /* Products */;
			projectDirPath = "";
			projectRoot = "";
			targets = (
				1A0004010000000000000001 /* GhostNotch */,
			);
		};
/* End PBXProject section */

/* Begin PBXResourcesBuildPhase section */
		1A0006020000000000000001 /* Resources */ = {
			isa = PBXResourcesBuildPhase;
			buildActionMask = 2147483647;
			files = (
			);
			runOnlyForDeploymentPostprocessing = 0;
		};
/* End PBXResourcesBuildPhase section */

/* Begin PBXSourcesBuildPhase section */
		1A0006010000000000000001 /* Sources */ = {
			isa = PBXSourcesBuildPhase;
			buildActionMask = 2147483647;
			files = (
				1A0001010000000000000001 /* GhostNotchApp.swift in Sources */,
				1A0001020000000000000001 /* AppDelegate.swift in Sources */,
				1A0001030000000000000001 /* IslandPanel.swift in Sources */,
				1A0001040000000000000001 /* IslandPanelController.swift in Sources */,
				1A0001050000000000000001 /* WindowPositioner.swift in Sources */,
				1A0001060000000000000001 /* OutsideClickMonitor.swift in Sources */,
				1A0001070000000000000001 /* IslandRootView.swift in Sources */,
				1A0001080000000000000001 /* IslandIndicatorView.swift in Sources */,
				1A0001090000000000000001 /* IslandExpandedView.swift in Sources */,
			);
			runOnlyForDeploymentPostprocessing = 0;
		};
/* End PBXSourcesBuildPhase section */

/* Begin XCBuildConfiguration section */
		1A0008010000000000000001 /* Debug */ = {
			isa = XCBuildConfiguration;
			buildSettings = {
				ALWAYS_SEARCH_USER_PATHS = NO;
				CLANG_ANALYZER_NONNULL = YES;
				CLANG_ANALYZER_NUMBER_OBJECT_CONVERSION = YES_AGGRESSIVE;
				CLANG_CXX_LANGUAGE_STANDARD = "gnu++20";
				CLANG_ENABLE_MODULES = YES;
				CLANG_ENABLE_OBJC_ARC = YES;
				CLANG_ENABLE_OBJC_WEAK = YES;
				CLANG_WARN_BLOCK_CAPTURE_AUTORELEASING = YES;
				CLANG_WARN_BOOL_CONVERSION = YES;
				CLANG_WARN_COMMA = YES;
				CLANG_WARN_CONSTANT_CONVERSION = YES;
				CLANG_WARN_DEPRECATED_OBJC_IMPLEMENTATIONS = YES;
				CLANG_WARN_DIRECT_OBJC_ISA_USAGE = YES_ERROR;
				CLANG_WARN_DOCUMENTATION_COMMENTS = YES;
				CLANG_WARN_EMPTY_BODY = YES;
				CLANG_WARN_ENUM_CONVERSION = YES;
				CLANG_WARN_INFINITE_RECURSION = YES;
				CLANG_WARN_INT_CONVERSION = YES;
				CLANG_WARN_NON_LITERAL_NULL_CONVERSION = YES;
				CLANG_WARN_OBJC_IMPLICIT_RETAIN_SELF = YES;
				CLANG_WARN_OBJC_LITERAL_CONVERSION = YES;
				CLANG_WARN_OBJC_ROOT_CLASS = YES_ERROR;
				CLANG_WARN_QUOTED_INCLUDE_IN_FRAMEWORK_HEADER = YES;
				CLANG_WARN_RANGE_LOOP_ANALYSIS = YES;
				CLANG_WARN_STRICT_PROTOTYPES = YES;
				CLANG_WARN_SUSPICIOUS_MOVE = YES;
				CLANG_WARN_UNGUARDED_AVAILABILITY = YES_AGGRESSIVE;
				CLANG_WARN_UNREACHABLE_CODE = YES;
				COPY_PHASE_STRIP = NO;
				DEBUG_INFORMATION_FORMAT = dwarf;
				ENABLE_STRICT_OBJC_MSGSEND = YES;
				ENABLE_TESTABILITY = YES;
				GCC_C_LANGUAGE_STANDARD = gnu17;
				GCC_DYNAMIC_NO_PIC = NO;
				GCC_NO_COMMON_BLOCKS = YES;
				GCC_OPTIMIZATION_LEVEL = 0;
				GCC_PREPROCESSOR_DEFINITIONS = (
					"DEBUG=1",
					"$(inherited)",
				);
				GCC_WARN_64_TO_32_BIT_CONVERSION = YES;
				GCC_WARN_ABOUT_RETURN_TYPE = YES_ERROR;
				GCC_WARN_UNDECLARED_SELECTOR = YES;
				GCC_WARN_UNINITIALIZED_AUTOS = YES_AGGRESSIVE;
				GCC_WARN_UNUSED_FUNCTION = YES;
				GCC_WARN_UNUSED_VARIABLE = YES;
				MACOSX_DEPLOYMENT_TARGET = 14.0;
				MTL_ENABLE_DEBUG_INFO = INCLUDE_SOURCE;
				MTL_FAST_MATH = YES;
				ONLY_ACTIVE_ARCH = YES;
				SDKROOT = macosx;
				SWIFT_ACTIVE_COMPILATION_CONDITIONS = DEBUG;
			};
			name = Debug;
		};
		1A0008020000000000000001 /* Release */ = {
			isa = XCBuildConfiguration;
			buildSettings = {
				ALWAYS_SEARCH_USER_PATHS = NO;
				CLANG_ANALYZER_NONNULL = YES;
				CLANG_ANALYZER_NUMBER_OBJECT_CONVERSION = YES_AGGRESSIVE;
				CLANG_CXX_LANGUAGE_STANDARD = "gnu++20";
				CLANG_ENABLE_MODULES = YES;
				CLANG_ENABLE_OBJC_ARC = YES;
				CLANG_ENABLE_OBJC_WEAK = YES;
				CLANG_WARN_BLOCK_CAPTURE_AUTORELEASING = YES;
				CLANG_WARN_BOOL_CONVERSION = YES;
				CLANG_WARN_COMMA = YES;
				CLANG_WARN_CONSTANT_CONVERSION = YES;
				CLANG_WARN_DEPRECATED_OBJC_IMPLEMENTATIONS = YES;
				CLANG_WARN_DIRECT_OBJC_ISA_USAGE = YES_ERROR;
				CLANG_WARN_DOCUMENTATION_COMMENTS = YES;
				CLANG_WARN_EMPTY_BODY = YES;
				CLANG_WARN_ENUM_CONVERSION = YES;
				CLANG_WARN_INFINITE_RECURSION = YES;
				CLANG_WARN_INT_CONVERSION = YES;
				CLANG_WARN_NON_LITERAL_NULL_CONVERSION = YES;
				CLANG_WARN_OBJC_IMPLICIT_RETAIN_SELF = YES;
				CLANG_WARN_OBJC_LITERAL_CONVERSION = YES;
				CLANG_WARN_OBJC_ROOT_CLASS = YES_ERROR;
				CLANG_WARN_QUOTED_INCLUDE_IN_FRAMEWORK_HEADER = YES;
				CLANG_WARN_RANGE_LOOP_ANALYSIS = YES;
				CLANG_WARN_STRICT_PROTOTYPES = YES;
				CLANG_WARN_SUSPICIOUS_MOVE = YES;
				CLANG_WARN_UNGUARDED_AVAILABILITY = YES_AGGRESSIVE;
				CLANG_WARN_UNREACHABLE_CODE = YES;
				COPY_PHASE_STRIP = NO;
				DEBUG_INFORMATION_FORMAT = "dwarf-with-dsym";
				ENABLE_NS_ASSERTIONS = NO;
				ENABLE_STRICT_OBJC_MSGSEND = YES;
				GCC_C_LANGUAGE_STANDARD = gnu17;
				GCC_NO_COMMON_BLOCKS = YES;
				GCC_WARN_64_TO_32_BIT_CONVERSION = YES;
				GCC_WARN_ABOUT_RETURN_TYPE = YES_ERROR;
				GCC_WARN_UNDECLARED_SELECTOR = YES;
				GCC_WARN_UNINITIALIZED_AUTOS = YES_AGGRESSIVE;
				GCC_WARN_UNUSED_FUNCTION = YES;
				GCC_WARN_UNUSED_VARIABLE = YES;
				MACOSX_DEPLOYMENT_TARGET = 14.0;
				MTL_ENABLE_DEBUG_INFO = NO;
				MTL_FAST_MATH = YES;
				SDKROOT = macosx;
				SWIFT_COMPILATION_MODE = wholemodule;
				SWIFT_OPTIMIZATION_LEVEL = "-O";
			};
			name = Release;
		};
		1A0008030000000000000001 /* Debug */ = {
			isa = XCBuildConfiguration;
			buildSettings = {
				CODE_SIGN_IDENTITY = "-";
				CODE_SIGNING_ALLOWED = NO;
				CODE_SIGN_STYLE = Manual;
				COMBINE_HIDPI_IMAGES = YES;
				GENERATE_INFOPLIST_FILE = YES;
				INFOPLIST_KEY_LSApplicationCategoryType = "public.app-category.utilities";
				INFOPLIST_KEY_NSHumanReadableCopyright = "";
				INFOPLIST_KEY_NSPrincipalClass = NSApplication;
				LD_RUNPATH_SEARCH_PATHS = (
					"$(inherited)",
					"@executable_path/../Frameworks",
				);
				MACOSX_DEPLOYMENT_TARGET = 14.0;
				PRODUCT_BUNDLE_IDENTIFIER = com.ghostnotch.local;
				PRODUCT_NAME = "$(TARGET_NAME)";
				SWIFT_EMIT_LOC_STRINGS = YES;
				SWIFT_VERSION = 6.0;
			};
			name = Debug;
		};
		1A0008040000000000000001 /* Release */ = {
			isa = XCBuildConfiguration;
			buildSettings = {
				CODE_SIGN_IDENTITY = "-";
				CODE_SIGNING_ALLOWED = NO;
				CODE_SIGN_STYLE = Manual;
				COMBINE_HIDPI_IMAGES = YES;
				GENERATE_INFOPLIST_FILE = YES;
				INFOPLIST_KEY_LSApplicationCategoryType = "public.app-category.utilities";
				INFOPLIST_KEY_NSPrincipalClass = NSApplication;
				LD_RUNPATH_SEARCH_PATHS = (
					"$(inherited)",
					"@executable_path/../Frameworks",
				);
				MACOSX_DEPLOYMENT_TARGET = 14.0;
				PRODUCT_BUNDLE_IDENTIFIER = com.ghostnotch.local;
				PRODUCT_NAME = "$(TARGET_NAME)";
				SWIFT_EMIT_LOC_STRINGS = YES;
				SWIFT_VERSION = 6.0;
			};
			name = Release;
		};
/* End XCBuildConfiguration section */

/* Begin XCConfigurationList section */
		1A0005010000000000000001 /* Build configuration list for PBXNativeTarget "GhostNotch" */ = {
			isa = XCConfigurationList;
			buildConfigurations = (
				1A0008030000000000000001 /* Debug */,
				1A0008040000000000000001 /* Release */,
			);
			defaultConfigurationIsVisible = 0;
			defaultConfigurationName = Release;
		};
		1A0005020000000000000001 /* Build configuration list for PBXProject "GhostNotch" */ = {
			isa = XCConfigurationList;
			buildConfigurations = (
				1A0008010000000000000001 /* Debug */,
				1A0008020000000000000001 /* Release */,
			);
			defaultConfigurationIsVisible = 0;
			defaultConfigurationName = Release;
		};
/* End XCConfigurationList section */
	};
	rootObject = 1A0007010000000000000001 /* Project object */;
}
