// !$*UTF8*$!
{
	archiveVersion = 1;
	classes = {
	};
	objectVersion = 56;
	objects = {

/* Begin PBXBuildFile section */
		1A0001010000000000000001 /* GhostNotchApp.swift in Sources */ = {isa = PBXBuildFile; fileRef = 1A0000010000000000000001 /* GhostNotchApp.swift */; };
		1A0001020000000000000001 /* AppDelegate.swift in Sources */ = {isa = PBXBuildFile; fileRef = 1A0000020000000000000001 /* AppDelegate.swift */; };
		1A0001030000000000000001 /* IslandPanel.swift in Sources */ = {isa = PBXBuildFile; fileRef = 1A0000030000000000000001 /* IslandPanel.swift */; };
		1A0001040000000000000001 /* IslandPanelController.swift in Sources */ = {isa = PBXBuildFile; fileRef = 1A0000040000000000000001 /* IslandPanelController.swift */; };
		1A0001050000000000000001 /* WindowPositioner.swift in Sources */ = {isa = PBXBuildFile; fileRef = 1A0000050000000000000001 /* WindowPositioner.swift */; };
		1A0001060000000000000001 /* OutsideClickMonitor.swift in Sources */ = {isa = PBXBuildFile; fileRef = 1A0000060000000000000001 /* OutsideClickMonitor.swift */; };
		1A0001070000000000000001 /* IslandRootView.swift in Sources */ = {isa = PBXBuildFile; fileRef = 1A0000070000000000000001 /* IslandRootView.swift */; };
		1A0001080000000000000001 /* IslandIndicatorView.swift in Sources */ = {isa = PBXBuildFile; fileRef = 1A0000080000000000000001 /* IslandIndicatorView.swift */; };
		1A0001090000000000000001 /* IslandExpandedView.swift in Sources */ = {isa = PBXBuildFile; fileRef = 1A0000090000000000000001 /* IslandExpandedView.swift */; };
		1A00010A0000000000000001 /* ShellResolver.swift in Sources */ = {isa = PBXBuildFile; fileRef = 1A00000B0000000000000001 /* ShellResolver.swift */; };
		1A00010B0000000000000001 /* PTYProcess.swift in Sources */ = {isa = PBXBuildFile; fileRef = 1A00000C0000000000000001 /* PTYProcess.swift */; };
		1A00010C0000000000000001 /* TerminalSession.swift in Sources */ = {isa = PBXBuildFile; fileRef = 1A00000D0000000000000001 /* TerminalSession.swift */; };
		1A00010D0000000000000001 /* TerminalSessionState.swift in Sources */ = {isa = PBXBuildFile; fileRef = 1A00000E0000000000000001 /* TerminalSessionState.swift */; };
		1A00010E0000000000000001 /* TerminalRenderingEngine.swift in Sources */ = {isa = PBXBuildFile; fileRef = 1A00000F0000000000000001 /* TerminalRenderingEngine.swift */; };
		1A0001160000000000000001 /* TerminalRenderModel.swift in Sources */ = {isa = PBXBuildFile; fileRef = 1A0000130000000000000001 /* TerminalRenderModel.swift */; };
		1A0001170000000000000001 /* GhosttyTerminalCore.swift in Sources */ = {isa = PBXBuildFile; fileRef = 1A0000140000000000000001 /* GhosttyTerminalCore.swift */; };
		1A0001180000000000000001 /* GhosttyTerminalEngine.swift in Sources */ = {isa = PBXBuildFile; fileRef = 1A0000150000000000000001 /* GhosttyTerminalEngine.swift */; };
		1A0001190000000000000001 /* TerminalGridSurfaceView.swift in Sources */ = {isa = PBXBuildFile; fileRef = 1A0000160000000000000001 /* TerminalGridSurfaceView.swift */; };
		1A00011E0000000000000001 /* GhosttyVTBridge.c in Sources */ = {isa = PBXBuildFile; fileRef = 1A0000190000000000000001 /* GhosttyVTBridge.c */; };
		1A00011F0000000000000001 /* GhosttyVT.xcframework in Frameworks */ = {isa = PBXBuildFile; fileRef = 1A00001B0000000000000001 /* GhosttyVT.xcframework */; };
		1A00010F0000000000000001 /* ShellResolver.swift in Sources */ = {isa = PBXBuildFile; fileRef = 1A00000B0000000000000001 /* ShellResolver.swift */; };
		1A0001100000000000000001 /* PTYProcess.swift in Sources */ = {isa = PBXBuildFile; fileRef = 1A00000C0000000000000001 /* PTYProcess.swift */; };
		1A0001110000000000000001 /* TerminalSession.swift in Sources */ = {isa = PBXBuildFile; fileRef = 1A00000D0000000000000001 /* TerminalSession.swift */; };
		1A0001120000000000000001 /* TerminalSessionState.swift in Sources */ = {isa = PBXBuildFile; fileRef = 1A00000E0000000000000001 /* TerminalSessionState.swift */; };
		1A0001130000000000000001 /* TerminalRenderingEngine.swift in Sources */ = {isa = PBXBuildFile; fileRef = 1A00000F0000000000000001 /* TerminalRenderingEngine.swift */; };
		1A00011A0000000000000001 /* TerminalRenderModel.swift in Sources */ = {isa = PBXBuildFile; fileRef = 1A0000130000000000000001 /* TerminalRenderModel.swift */; };
		1A00011B0000000000000001 /* GhosttyTerminalCore.swift in Sources */ = {isa = PBXBuildFile; fileRef = 1A0000140000000000000001 /* GhosttyTerminalCore.swift */; };
		1A00011C0000000000000001 /* GhosttyTerminalEngine.swift in Sources */ = {isa = PBXBuildFile; fileRef = 1A0000150000000000000001 /* GhosttyTerminalEngine.swift */; };
		1A0001200000000000000001 /* GhosttyVTBridge.c in Sources */ = {isa = PBXBuildFile; fileRef = 1A0000190000000000000001 /* GhosttyVTBridge.c */; };
		1A0001210000000000000001 /* GhosttyVT.xcframework in Frameworks */ = {isa = PBXBuildFile; fileRef = 1A00001B0000000000000001 /* GhosttyVT.xcframework */; };
		1A0001140000000000000001 /* ShellResolverTests.swift in Sources */ = {isa = PBXBuildFile; fileRef = 1A0000110000000000000001 /* ShellResolverTests.swift */; };
		1A0001150000000000000001 /* TerminalSessionTests.swift in Sources */ = {isa = PBXBuildFile; fileRef = 1A0000120000000000000001 /* TerminalSessionTests.swift */; };
		1A00011D0000000000000001 /* GhosttyTerminalCoreTests.swift in Sources */ = {isa = PBXBuildFile; fileRef = 1A0000170000000000000001 /* GhosttyTerminalCoreTests.swift */; };
/* End PBXBuildFile section */

/* Begin PBXFileReference section */
		1A0000010000000000000001 /* GhostNotchApp.swift */ = {isa = PBXFileReference; lastKnownFileType = sourcecode.swift; path = GhostNotchApp.swift; sourceTree = "<group>"; };
		1A0000020000000000000001 /* AppDelegate.swift */ = {isa = PBXFileReference; lastKnownFileType = sourcecode.swift; path = AppDelegate.swift; sourceTree = "<group>"; };
		1A0000030000000000000001 /* IslandPanel.swift */ = {isa = PBXFileReference; lastKnownFileType = sourcecode.swift; path = IslandPanel.swift; sourceTree = "<group>"; };
		1A0000040000000000000001 /* IslandPanelController.swift */ = {isa = PBXFileReference; lastKnownFileType = sourcecode.swift; path = IslandPanelController.swift; sourceTree = "<group>"; };
		1A0000050000000000000001 /* WindowPositioner.swift */ = {isa = PBXFileReference; lastKnownFileType = sourcecode.swift; path = WindowPositioner.swift; sourceTree = "<group>"; };
		1A0000060000000000000001 /* OutsideClickMonitor.swift */ = {isa = PBXFileReference; lastKnownFileType = sourcecode.swift; path = OutsideClickMonitor.swift; sourceTree = "<group>"; };
		1A0000070000000000000001 /* IslandRootView.swift */ = {isa = PBXFileReference; lastKnownFileType = sourcecode.swift; path = IslandRootView.swift; sourceTree = "<group>"; };
		1A0000080000000000000001 /* IslandIndicatorView.swift */ = {isa = PBXFileReference; lastKnownFileType = sourcecode.swift; path = IslandIndicatorView.swift; sourceTree = "<group>"; };
		1A0000090000000000000001 /* IslandExpandedView.swift */ = {isa = PBXFileReference; lastKnownFileType = sourcecode.swift; path = IslandExpandedView.swift; sourceTree = "<group>"; };
		1A00000A0000000000000001 /* GhostNotch.app */ = {isa = PBXFileReference; explicitFileType = wrapper.application; includeInIndex = 0; path = GhostNotch.app; sourceTree = BUILT_PRODUCTS_DIR; };
		1A00000B0000000000000001 /* ShellResolver.swift */ = {isa = PBXFileReference; lastKnownFileType = sourcecode.swift; path = ShellResolver.swift; sourceTree = "<group>"; };
		1A00000C0000000000000001 /* PTYProcess.swift */ = {isa = PBXFileReference; lastKnownFileType = sourcecode.swift; path = PTYProcess.swift; sourceTree = "<group>"; };
		1A00000D0000000000000001 /* TerminalSession.swift */ = {isa = PBXFileReference; lastKnownFileType = sourcecode.swift; path = TerminalSession.swift; sourceTree = "<group>"; };
		1A00000E0000000000000001 /* TerminalSessionState.swift */ = {isa = PBXFileReference; lastKnownFileType = sourcecode.swift; path = TerminalSessionState.swift; sourceTree = "<group>"; };
		1A00000F0000000000000001 /* TerminalRenderingEngine.swift */ = {isa = PBXFileReference; lastKnownFileType = sourcecode.swift; path = TerminalRenderingEngine.swift; sourceTree = "<group>"; };
		1A0000130000000000000001 /* TerminalRenderModel.swift */ = {isa = PBXFileReference; lastKnownFileType = sourcecode.swift; path = TerminalRenderModel.swift; sourceTree = "<group>"; };
		1A0000140000000000000001 /* GhosttyTerminalCore.swift */ = {isa = PBXFileReference; lastKnownFileType = sourcecode.swift; path = GhosttyTerminalCore.swift; sourceTree = "<group>"; };
		1A0000150000000000000001 /* GhosttyTerminalEngine.swift */ = {isa = PBXFileReference; lastKnownFileType = sourcecode.swift; path = GhosttyTerminalEngine.swift; sourceTree = "<group>"; };
		1A0000160000000000000001 /* TerminalGridSurfaceView.swift */ = {isa = PBXFileReference; lastKnownFileType = sourcecode.swift; path = TerminalGridSurfaceView.swift; sourceTree = "<group>"; };
		1A0000180000000000000001 /* GhostNotch-Bridging-Header.h */ = {isa = PBXFileReference; lastKnownFileType = sourcecode.c.h; path = "GhostNotch-Bridging-Header.h"; sourceTree = "<group>"; };
		1A0000190000000000000001 /* GhosttyVTBridge.c */ = {isa = PBXFileReference; lastKnownFileType = sourcecode.c.c; path = GhosttyVTBridge.c; sourceTree = "<group>"; };
		1A00001A0000000000000001 /* GhosttyVTBridge.h */ = {isa = PBXFileReference; lastKnownFileType = sourcecode.c.h; path = GhosttyVTBridge.h; sourceTree = "<group>"; };
		1A00001B0000000000000001 /* GhosttyVT.xcframework */ = {isa = PBXFileReference; lastKnownFileType = wrapper.xcframework; path = "vendor/ghostty-vt/GhosttyVT.xcframework"; sourceTree = SOURCE_ROOT; };
		1A0000100000000000000001 /* GhostNotchTests.xctest */ = {isa = PBXFileReference; explicitFileType = wrapper.cfbundle; includeInIndex = 0; path = GhostNotchTests.xctest; sourceTree = BUILT_PRODUCTS_DIR; };
		1A0000110000000000000001 /* ShellResolverTests.swift */ = {isa = PBXFileReference; lastKnownFileType = sourcecode.swift; path = ShellResolverTests.swift; sourceTree = "<group>"; };
		1A0000120000000000000001 /* TerminalSessionTests.swift */ = {isa = PBXFileReference; lastKnownFileType = sourcecode.swift; path = TerminalSessionTests.swift; sourceTree = "<group>"; };
		1A0000170000000000000001 /* GhosttyTerminalCoreTests.swift */ = {isa = PBXFileReference; lastKnownFileType = sourcecode.swift; path = GhosttyTerminalCoreTests.swift; sourceTree = "<group>"; };
/* End PBXFileReference section */

/* Begin PBXFrameworksBuildPhase section */
		1A0002010000000000000001 /* Frameworks */ = {
			isa = PBXFrameworksBuildPhase;
			buildActionMask = 2147483647;
			files = (
				1A00011F0000000000000001 /* GhosttyVT.xcframework in Frameworks */,
			);
			runOnlyForDeploymentPostprocessing = 0;
		};
		1A0002020000000000000001 /* Frameworks */ = {
			isa = PBXFrameworksBuildPhase;
			buildActionMask = 2147483647;
			files = (
				1A0001210000000000000001 /* GhosttyVT.xcframework in Frameworks */,
			);
			runOnlyForDeploymentPostprocessing = 0;
		};
/* End PBXFrameworksBuildPhase section */

/* Begin PBXGroup section */
		1A0003010000000000000001 = {
			isa = PBXGroup;
			children = (
				1A0003020000000000000001 /* GhostNotch */,
				1A0003070000000000000001 /* GhostNotchTests */,
				1A0003080000000000000001 /* Vendor */,
				1A0003030000000000000001 /* Products */,
			);
			sourceTree = "<group>";
		};
		1A0003020000000000000001 /* GhostNotch */ = {
			isa = PBXGroup;
			children = (
				1A0000010000000000000001 /* GhostNotchApp.swift */,
				1A0000020000000000000001 /* AppDelegate.swift */,
				1A0000180000000000000001 /* GhostNotch-Bridging-Header.h */,
				1A0003060000000000000001 /* Terminal */,
				1A0003040000000000000001 /* Window */,
				1A0003050000000000000001 /* UI */,
			);
			path = GhostNotch;
			sourceTree = "<group>";
		};
		1A0003030000000000000001 /* Products */ = {
			isa = PBXGroup;
			children = (
				1A00000A0000000000000001 /* GhostNotch.app */,
				1A0000100000000000000001 /* GhostNotchTests.xctest */,
			);
			name = Products;
			sourceTree = "<group>";
		};
		1A0003040000000000000001 /* Window */ = {
			isa = PBXGroup;
			children = (
				1A0000030000000000000001 /* IslandPanel.swift */,
				1A0000040000000000000001 /* IslandPanelController.swift */,
				1A0000050000000000000001 /* WindowPositioner.swift */,
				1A0000060000000000000001 /* OutsideClickMonitor.swift */,
			);
			path = Window;
			sourceTree = "<group>";
		};
		1A0003050000000000000001 /* UI */ = {
			isa = PBXGroup;
			children = (
				1A0000070000000000000001 /* IslandRootView.swift */,
				1A0000080000000000000001 /* IslandIndicatorView.swift */,
				1A0000090000000000000001 /* IslandExpandedView.swift */,
				1A0000160000000000000001 /* TerminalGridSurfaceView.swift */,
			);
			path = UI;
			sourceTree = "<group>";
		};
		1A0003060000000000000001 /* Terminal */ = {
			isa = PBXGroup;
			children = (
				1A00000B0000000000000001 /* ShellResolver.swift */,
				1A00000C0000000000000001 /* PTYProcess.swift */,
				1A00000D0000000000000001 /* TerminalSession.swift */,
				1A00000E0000000000000001 /* TerminalSessionState.swift */,
				1A00000F0000000000000001 /* TerminalRenderingEngine.swift */,
				1A0000130000000000000001 /* TerminalRenderModel.swift */,
				1A0000140000000000000001 /* GhosttyTerminalCore.swift */,
				1A0000150000000000000001 /* GhosttyTerminalEngine.swift */,
				1A0000190000000000000001 /* GhosttyVTBridge.c */,
				1A00001A0000000000000001 /* GhosttyVTBridge.h */,
			);
			path = Terminal;
			sourceTree = "<group>";
		};
		1A0003080000000000000001 /* Vendor */ = {
			isa = PBXGroup;
			children = (
				1A00001B0000000000000001 /* GhosttyVT.xcframework */,
			);
			name = Vendor;
			sourceTree = "<group>";
		};
		1A0003070000000000000001 /* GhostNotchTests */ = {
			isa = PBXGroup;
			children = (
				1A0000110000000000000001 /* ShellResolverTests.swift */,
				1A0000120000000000000001 /* TerminalSessionTests.swift */,
				1A0000170000000000000001 /* GhosttyTerminalCoreTests.swift */,
			);
			path = GhostNotchTests;
			sourceTree = "<group>";
		};
/* End PBXGroup section */

/* Begin PBXNativeTarget section */
		1A0004010000000000000001 /* GhostNotch */ = {
			isa = PBXNativeTarget;
			buildConfigurationList = 1A0005010000000000000001 /* Build configuration list for PBXNativeTarget "GhostNotch" */;
			buildPhases = (
				1A0006010000000000000001 /* Sources */,
				1A0002010000000000000001 /* Frameworks */,
				1A0006020000000000000001 /* Resources */,
			);
			buildRules = (
			);
			dependencies = (
			);
			name = GhostNotch;
			productName = GhostNotch;
			productReference = 1A00000A0000000000000001 /* GhostNotch.app */;
			productType = "com.apple.product-type.application";
		};
		1A0004020000000000000001 /* GhostNotchTests */ = {
			isa = PBXNativeTarget;
			buildConfigurationList = 1A0005030000000000000001 /* Build configuration list for PBXNativeTarget "GhostNotchTests" */;
			buildPhases = (
				1A0006030000000000000001 /* Sources */,
				1A0002020000000000000001 /* Frameworks */,
				1A0006040000000000000001 /* Resources */,
			);
			buildRules = (
			);
			dependencies = (
			);
			name = GhostNotchTests;
			productName = GhostNotchTests;
			productReference = 1A0000100000000000000001 /* GhostNotchTests.xctest */;
			productType = "com.apple.product-type.bundle.unit-test";
		};
/* End PBXNativeTarget section */

/* Begin PBXProject section */
		1A0007010000000000000001 /* Project object */ = {
			isa = PBXProject;
			attributes = {
				BuildIndependentTargetsInParallel = 1;
				LastSwiftUpdateCheck = 2641;
				LastUpgradeCheck = 2641;
				TargetAttributes = {
					1A0004010000000000000001 = {
						CreatedOnToolsVersion = 26.4.1;
					};
					1A0004020000000000000001 = {
						CreatedOnToolsVersion = 26.4.1;
						TestTargetID = 1A0004010000000000000001;
					};
				};
			};
			buildConfigurationList = 1A0005020000000000000001 /* Build configuration list for PBXProject "GhostNotch" */;
			compatibilityVersion = "Xcode 14.0";
			developmentRegion = en;
			hasScannedForEncodings = 0;
			knownRegions = (
				en,
				Base,
			);
			mainGroup = 1A0003010000000000000001;
			productRefGroup = 1A0003030000000000000001 /* Products */;
			projectDirPath = "";
			projectRoot = "";
			targets = (
				1A0004010000000000000001 /* GhostNotch */,
				1A0004020000000000000001 /* GhostNotchTests */,
			);
		};
/* End PBXProject section */

/* Begin PBXResourcesBuildPhase section */
		1A0006020000000000000001 /* Resources */ = {
			isa = PBXResourcesBuildPhase;
			buildActionMask = 2147483647;
			files = (
			);
			runOnlyForDeploymentPostprocessing = 0;
		};
		1A0006040000000000000001 /* Resources */ = {
			isa = PBXResourcesBuildPhase;
			buildActionMask = 2147483647;
			files = (
			);
			runOnlyForDeploymentPostprocessing = 0;
		};
/* End PBXResourcesBuildPhase section */

/* Begin PBXSourcesBuildPhase section */
		1A0006010000000000000001 /* Sources */ = {
			isa = PBXSourcesBuildPhase;
			buildActionMask = 2147483647;
			files = (
				1A0001010000000000000001 /* GhostNotchApp.swift in Sources */,
				1A0001020000000000000001 /* AppDelegate.swift in Sources */,
				1A0001030000000000000001 /* IslandPanel.swift in Sources */,
				1A0001040000000000000001 /* IslandPanelController.swift in Sources */,
				1A0001050000000000000001 /* WindowPositioner.swift in Sources */,
				1A0001060000000000000001 /* OutsideClickMonitor.swift in Sources */,
				1A0001070000000000000001 /* IslandRootView.swift in Sources */,
				1A0001080000000000000001 /* IslandIndicatorView.swift in Sources */,
				1A0001090000000000000001 /* IslandExpandedView.swift in Sources */,
				1A00010A0000000000000001 /* ShellResolver.swift in Sources */,
				1A00010B0000000000000001 /* PTYProcess.swift in Sources */,
				1A00010C0000000000000001 /* TerminalSession.swift in Sources */,
				1A00010D0000000000000001 /* TerminalSessionState.swift in Sources */,
				1A00010E0000000000000001 /* TerminalRenderingEngine.swift in Sources */,
				1A0001160000000000000001 /* TerminalRenderModel.swift in Sources */,
				1A0001170000000000000001 /* GhosttyTerminalCore.swift in Sources */,
				1A0001180000000000000001 /* GhosttyTerminalEngine.swift in Sources */,
				1A0001190000000000000001 /* TerminalGridSurfaceView.swift in Sources */,
				1A00011E0000000000000001 /* GhosttyVTBridge.c in Sources */,
			);
			runOnlyForDeploymentPostprocessing = 0;
		};
		1A0006030000000000000001 /* Sources */ = {
			isa = PBXSourcesBuildPhase;
			buildActionMask = 2147483647;
			files = (
				1A00010F0000000000000001 /* ShellResolver.swift in Sources */,
				1A0001100000000000000001 /* PTYProcess.swift in Sources */,
				1A0001110000000000000001 /* TerminalSession.swift in Sources */,
				1A0001120000000000000001 /* TerminalSessionState.swift in Sources */,
				1A0001130000000000000001 /* TerminalRenderingEngine.swift in Sources */,
				1A00011A0000000000000001 /* TerminalRenderModel.swift in Sources */,
				1A00011B0000000000000001 /* GhosttyTerminalCore.swift in Sources */,
				1A00011C0000000000000001 /* GhosttyTerminalEngine.swift in Sources */,
				1A0001200000000000000001 /* GhosttyVTBridge.c in Sources */,
				1A0001140000000000000001 /* ShellResolverTests.swift in Sources */,
				1A0001150000000000000001 /* TerminalSessionTests.swift in Sources */,
				1A00011D0000000000000001 /* GhosttyTerminalCoreTests.swift in Sources */,
			);
			runOnlyForDeploymentPostprocessing = 0;
		};
/* End PBXSourcesBuildPhase section */

/* Begin XCBuildConfiguration section */
		1A0008010000000000000001 /* Debug */ = {
			isa = XCBuildConfiguration;
			buildSettings = {
				ALWAYS_SEARCH_USER_PATHS = NO;
				CLANG_ANALYZER_NONNULL = YES;
				CLANG_ANALYZER_NUMBER_OBJECT_CONVERSION = YES_AGGRESSIVE;
				CLANG_CXX_LANGUAGE_STANDARD = "gnu++20";
				CLANG_ENABLE_MODULES = YES;
				CLANG_ENABLE_OBJC_ARC = YES;
				CLANG_ENABLE_OBJC_WEAK = YES;
				CLANG_WARN_BLOCK_CAPTURE_AUTORELEASING = YES;
				CLANG_WARN_BOOL_CONVERSION = YES;
				CLANG_WARN_COMMA = YES;
				CLANG_WARN_CONSTANT_CONVERSION = YES;
				CLANG_WARN_DEPRECATED_OBJC_IMPLEMENTATIONS = YES;
				CLANG_WARN_DIRECT_OBJC_ISA_USAGE = YES_ERROR;
				CLANG_WARN_DOCUMENTATION_COMMENTS = YES;
				CLANG_WARN_EMPTY_BODY = YES;
				CLANG_WARN_ENUM_CONVERSION = YES;
				CLANG_WARN_INFINITE_RECURSION = YES;
				CLANG_WARN_INT_CONVERSION = YES;
				CLANG_WARN_NON_LITERAL_NULL_CONVERSION = YES;
				CLANG_WARN_OBJC_IMPLICIT_RETAIN_SELF = YES;
				CLANG_WARN_OBJC_LITERAL_CONVERSION = YES;
				CLANG_WARN_OBJC_ROOT_CLASS = YES_ERROR;
				CLANG_WARN_QUOTED_INCLUDE_IN_FRAMEWORK_HEADER = YES;
				CLANG_WARN_RANGE_LOOP_ANALYSIS = YES;
				CLANG_WARN_STRICT_PROTOTYPES = YES;
				CLANG_WARN_SUSPICIOUS_MOVE = YES;
				CLANG_WARN_UNGUARDED_AVAILABILITY = YES_AGGRESSIVE;
				CLANG_WARN_UNREACHABLE_CODE = YES;
				COPY_PHASE_STRIP = NO;
				DEBUG_INFORMATION_FORMAT = dwarf;
				ENABLE_STRICT_OBJC_MSGSEND = YES;
				ENABLE_TESTABILITY = YES;
				GCC_C_LANGUAGE_STANDARD = gnu17;
				GCC_DYNAMIC_NO_PIC = NO;
				GCC_NO_COMMON_BLOCKS = YES;
				GCC_OPTIMIZATION_LEVEL = 0;
				GCC_PREPROCESSOR_DEFINITIONS = (
					"DEBUG=1",
					"$(inherited)",
				);
				GCC_WARN_64_TO_32_BIT_CONVERSION = YES;
				GCC_WARN_ABOUT_RETURN_TYPE = YES_ERROR;
				GCC_WARN_UNDECLARED_SELECTOR = YES;
				GCC_WARN_UNINITIALIZED_AUTOS = YES_AGGRESSIVE;
				GCC_WARN_UNUSED_FUNCTION = YES;
				GCC_WARN_UNUSED_VARIABLE = YES;
				MACOSX_DEPLOYMENT_TARGET = 14.0;
				MTL_ENABLE_DEBUG_INFO = INCLUDE_SOURCE;
				MTL_FAST_MATH = YES;
				ONLY_ACTIVE_ARCH = YES;
				SDKROOT = macosx;
				SWIFT_ACTIVE_COMPILATION_CONDITIONS = DEBUG;
			};
			name = Debug;
		};
		1A0008020000000000000001 /* Release */ = {
			isa = XCBuildConfiguration;
			buildSettings = {
				ALWAYS_SEARCH_USER_PATHS = NO;
				CLANG_ANALYZER_NONNULL = YES;
				CLANG_ANALYZER_NUMBER_OBJECT_CONVERSION = YES_AGGRESSIVE;
				CLANG_CXX_LANGUAGE_STANDARD = "gnu++20";
				CLANG_ENABLE_MODULES = YES;
				CLANG_ENABLE_OBJC_ARC = YES;
				CLANG_ENABLE_OBJC_WEAK = YES;
				CLANG_WARN_BLOCK_CAPTURE_AUTORELEASING = YES;
				CLANG_WARN_BOOL_CONVERSION = YES;
				CLANG_WARN_COMMA = YES;
				CLANG_WARN_CONSTANT_CONVERSION = YES;
				CLANG_WARN_DEPRECATED_OBJC_IMPLEMENTATIONS = YES;
				CLANG_WARN_DIRECT_OBJC_ISA_USAGE = YES_ERROR;
				CLANG_WARN_DOCUMENTATION_COMMENTS = YES;
				CLANG_WARN_EMPTY_BODY = YES;
				CLANG_WARN_ENUM_CONVERSION = YES;
				CLANG_WARN_INFINITE_RECURSION = YES;
				CLANG_WARN_INT_CONVERSION = YES;
				CLANG_WARN_NON_LITERAL_NULL_CONVERSION = YES;
				CLANG_WARN_OBJC_IMPLICIT_RETAIN_SELF = YES;
				CLANG_WARN_OBJC_LITERAL_CONVERSION = YES;
				CLANG_WARN_OBJC_ROOT_CLASS = YES_ERROR;
				CLANG_WARN_QUOTED_INCLUDE_IN_FRAMEWORK_HEADER = YES;
				CLANG_WARN_RANGE_LOOP_ANALYSIS = YES;
				CLANG_WARN_STRICT_PROTOTYPES = YES;
				CLANG_WARN_SUSPICIOUS_MOVE = YES;
				CLANG_WARN_UNGUARDED_AVAILABILITY = YES_AGGRESSIVE;
				CLANG_WARN_UNREACHABLE_CODE = YES;
				COPY_PHASE_STRIP = NO;
				DEBUG_INFORMATION_FORMAT = "dwarf-with-dsym";
				ENABLE_NS_ASSERTIONS = NO;
				ENABLE_STRICT_OBJC_MSGSEND = YES;
				GCC_C_LANGUAGE_STANDARD = gnu17;
				GCC_NO_COMMON_BLOCKS = YES;
				GCC_WARN_64_TO_32_BIT_CONVERSION = YES;
				GCC_WARN_ABOUT_RETURN_TYPE = YES_ERROR;
				GCC_WARN_UNDECLARED_SELECTOR = YES;
				GCC_WARN_UNINITIALIZED_AUTOS = YES_AGGRESSIVE;
				GCC_WARN_UNUSED_FUNCTION = YES;
				GCC_WARN_UNUSED_VARIABLE = YES;
				MACOSX_DEPLOYMENT_TARGET = 14.0;
				MTL_ENABLE_DEBUG_INFO = NO;
				MTL_FAST_MATH = YES;
				SDKROOT = macosx;
				SWIFT_COMPILATION_MODE = wholemodule;
				SWIFT_OPTIMIZATION_LEVEL = "-O";
			};
			name = Release;
		};
		1A0008030000000000000001 /* Debug */ = {
			isa = XCBuildConfiguration;
			buildSettings = {
				CODE_SIGN_IDENTITY = "-";
				CODE_SIGNING_ALLOWED = NO;
				CODE_SIGN_STYLE = Manual;
				COMBINE_HIDPI_IMAGES = YES;
				GENERATE_INFOPLIST_FILE = YES;
				INFOPLIST_KEY_LSApplicationCategoryType = "public.app-category.utilities";
				INFOPLIST_KEY_NSHumanReadableCopyright = "";
				INFOPLIST_KEY_NSPrincipalClass = NSApplication;
				LD_RUNPATH_SEARCH_PATHS = (
					"$(inherited)",
					"@executable_path/../Frameworks",
				);
				MACOSX_DEPLOYMENT_TARGET = 14.0;
				OTHER_LDFLAGS = (
					"$(inherited)",
					"-lc++",
				);
				PRODUCT_BUNDLE_IDENTIFIER = com.ghostnotch.local;
				PRODUCT_NAME = "$(TARGET_NAME)";
				SWIFT_OBJC_BRIDGING_HEADER = "GhostNotch/GhostNotch-Bridging-Header.h";
				SWIFT_EMIT_LOC_STRINGS = YES;
				SWIFT_VERSION = 6.0;
			};
			name = Debug;
		};
		1A0008040000000000000001 /* Release */ = {
			isa = XCBuildConfiguration;
			buildSettings = {
				CODE_SIGN_IDENTITY = "-";
				CODE_SIGNING_ALLOWED = NO;
				CODE_SIGN_STYLE = Manual;
				COMBINE_HIDPI_IMAGES = YES;
				GENERATE_INFOPLIST_FILE = YES;
				INFOPLIST_KEY_LSApplicationCategoryType = "public.app-category.utilities";
				INFOPLIST_KEY_NSPrincipalClass = NSApplication;
				LD_RUNPATH_SEARCH_PATHS = (
					"$(inherited)",
					"@executable_path/../Frameworks",
				);
				MACOSX_DEPLOYMENT_TARGET = 14.0;
				OTHER_LDFLAGS = (
					"$(inherited)",
					"-lc++",
				);
				PRODUCT_BUNDLE_IDENTIFIER = com.ghostnotch.local;
				PRODUCT_NAME = "$(TARGET_NAME)";
				SWIFT_OBJC_BRIDGING_HEADER = "GhostNotch/GhostNotch-Bridging-Header.h";
				SWIFT_EMIT_LOC_STRINGS = YES;
				SWIFT_VERSION = 6.0;
			};
			name = Release;
		};
		1A0008050000000000000001 /* Debug */ = {
			isa = XCBuildConfiguration;
			buildSettings = {
				CODE_SIGN_IDENTITY = "-";
				CODE_SIGNING_ALLOWED = NO;
				CODE_SIGN_STYLE = Manual;
				GENERATE_INFOPLIST_FILE = YES;
				LD_RUNPATH_SEARCH_PATHS = (
					"$(inherited)",
					"@executable_path/../Frameworks",
					"@loader_path/../Frameworks",
				);
				MACOSX_DEPLOYMENT_TARGET = 14.0;
				OTHER_LDFLAGS = (
					"$(inherited)",
					"-lc++",
				);
				PRODUCT_BUNDLE_IDENTIFIER = com.ghostnotch.local.tests;
				PRODUCT_NAME = "$(TARGET_NAME)";
				SWIFT_OBJC_BRIDGING_HEADER = "GhostNotch/GhostNotch-Bridging-Header.h";
				SWIFT_VERSION = 6.0;
				TEST_HOST = "";
			};
			name = Debug;
		};
		1A0008060000000000000001 /* Release */ = {
			isa = XCBuildConfiguration;
			buildSettings = {
				CODE_SIGN_IDENTITY = "-";
				CODE_SIGNING_ALLOWED = NO;
				CODE_SIGN_STYLE = Manual;
				GENERATE_INFOPLIST_FILE = YES;
				LD_RUNPATH_SEARCH_PATHS = (
					"$(inherited)",
					"@executable_path/../Frameworks",
					"@loader_path/../Frameworks",
				);
				MACOSX_DEPLOYMENT_TARGET = 14.0;
				OTHER_LDFLAGS = (
					"$(inherited)",
					"-lc++",
				);
				PRODUCT_BUNDLE_IDENTIFIER = com.ghostnotch.local.tests;
				PRODUCT_NAME = "$(TARGET_NAME)";
				SWIFT_OBJC_BRIDGING_HEADER = "GhostNotch/GhostNotch-Bridging-Header.h";
				SWIFT_VERSION = 6.0;
				TEST_HOST = "";
			};
			name = Release;
		};
/* End XCBuildConfiguration section */

/* Begin XCConfigurationList section */
		1A0005010000000000000001 /* Build configuration list for PBXNativeTarget "GhostNotch" */ = {
			isa = XCConfigurationList;
			buildConfigurations = (
				1A0008030000000000000001 /* Debug */,
				1A0008040000000000000001 /* Release */,
			);
			defaultConfigurationIsVisible = 0;
			defaultConfigurationName = Release;
		};
		1A0005020000000000000001 /* Build configuration list for PBXProject "GhostNotch" */ = {
			isa = XCConfigurationList;
			buildConfigurations = (
				1A0008010000000000000001 /* Debug */,
				1A0008020000000000000001 /* Release */,
			);
			defaultConfigurationIsVisible = 0;
			defaultConfigurationName = Release;
		};
		1A0005030000000000000001 /* Build configuration list for PBXNativeTarget "GhostNotchTests" */ = {
			isa = XCConfigurationList;
			buildConfigurations = (
				1A0008050000000000000001 /* Debug */,
				1A0008060000000000000001 /* Release */,
			);
			defaultConfigurationIsVisible = 0;
			defaultConfigurationName = Release;
		};
/* End XCConfigurationList section */
	};
	rootObject = 1A0007010000000000000001 /* Project object */;
}
